// !$*UTF8*$!
{
	archiveVersion = 1;
	classes = {
	};
	objectVersion = 46;
	objects = {

/* Begin PBXBuildFile section */
		1614630F1A29CC70006689FE /* Main.storyboard in Resources */ = {isa = PBXBuildFile; fileRef = 922B5EDA19FF9FAF00508906 /* Main.storyboard */; };
		161463121A29CC7C006689FE /* ChooseRolViewController.swift in Sources */ = {isa = PBXBuildFile; fileRef = 1614630D1A29CC24006689FE /* ChooseRolViewController.swift */; };
		16F9B5491A27E4A2003C99F8 /* GameViewController.swift in Sources */ = {isa = PBXBuildFile; fileRef = 922B5ED819FF9FAF00508906 /* GameViewController.swift */; };
		922B5ED319FF9FAF00508906 /* AppDelegate.swift in Sources */ = {isa = PBXBuildFile; fileRef = 922B5ED219FF9FAF00508906 /* AppDelegate.swift */; };
		922B5ED519FF9FAF00508906 /* GameScene.sks in Resources */ = {isa = PBXBuildFile; fileRef = 922B5ED419FF9FAF00508906 /* GameScene.sks */; };
		922B5ED719FF9FAF00508906 /* GameScene.swift in Sources */ = {isa = PBXBuildFile; fileRef = 922B5ED619FF9FAF00508906 /* GameScene.swift */; };
		922B5EDE19FF9FAF00508906 /* Images.xcassets in Resources */ = {isa = PBXBuildFile; fileRef = 922B5EDD19FF9FAF00508906 /* Images.xcassets */; };
		922B5EE119FF9FAF00508906 /* LaunchScreen.xib in Resources */ = {isa = PBXBuildFile; fileRef = 922B5EDF19FF9FAF00508906 /* LaunchScreen.xib */; };
		922B5EED19FF9FAF00508906 /* PongTests.swift in Sources */ = {isa = PBXBuildFile; fileRef = 922B5EEC19FF9FAF00508906 /* PongTests.swift */; };
/* End PBXBuildFile section */

/* Begin PBXContainerItemProxy section */
		922B5EE719FF9FAF00508906 /* PBXContainerItemProxy */ = {
			isa = PBXContainerItemProxy;
			containerPortal = 922B5EC519FF9FAF00508906 /* Project object */;
			proxyType = 1;
			remoteGlobalIDString = 922B5ECC19FF9FAF00508906;
			remoteInfo = Pong;
		};
/* End PBXContainerItemProxy section */

/* Begin PBXFileReference section */
		1614630D1A29CC24006689FE /* ChooseRolViewController.swift */ = {isa = PBXFileReference; fileEncoding = 4; lastKnownFileType = sourcecode.swift; path = ChooseRolViewController.swift; sourceTree = "<group>"; };
		922B5ECD19FF9FAF00508906 /* Pong.app */ = {isa = PBXFileReference; explicitFileType = wrapper.application; includeInIndex = 0; path = Pong.app; sourceTree = BUILT_PRODUCTS_DIR; };
		922B5ED119FF9FAF00508906 /* Info.plist */ = {isa = PBXFileReference; lastKnownFileType = text.plist.xml; path = Info.plist; sourceTree = "<group>"; };
		922B5ED219FF9FAF00508906 /* AppDelegate.swift */ = {isa = PBXFileReference; lastKnownFileType = sourcecode.swift; path = AppDelegate.swift; sourceTree = "<group>"; };
		922B5ED419FF9FAF00508906 /* GameScene.sks */ = {isa = PBXFileReference; lastKnownFileType = file.sks; path = GameScene.sks; sourceTree = "<group>"; };
		922B5ED619FF9FAF00508906 /* GameScene.swift */ = {isa = PBXFileReference; lastKnownFileType = sourcecode.swift; path = GameScene.swift; sourceTree = "<group>"; };
		922B5ED819FF9FAF00508906 /* GameViewController.swift */ = {isa = PBXFileReference; lastKnownFileType = sourcecode.swift; path = GameViewController.swift; sourceTree = "<group>"; };
		922B5EDB19FF9FAF00508906 /* Base */ = {isa = PBXFileReference; lastKnownFileType = file.storyboard; name = Base; path = Base.lproj/Main.storyboard; sourceTree = "<group>"; };
		922B5EDD19FF9FAF00508906 /* Images.xcassets */ = {isa = PBXFileReference; lastKnownFileType = folder.assetcatalog; path = Images.xcassets; sourceTree = "<group>"; };
		922B5EE019FF9FAF00508906 /* Base */ = {isa = PBXFileReference; lastKnownFileType = file.xib; name = Base; path = Base.lproj/LaunchScreen.xib; sourceTree = "<group>"; };
		922B5EE619FF9FAF00508906 /* PongTests.xctest */ = {isa = PBXFileReference; explicitFileType = wrapper.cfbundle; includeInIndex = 0; path = PongTests.xctest; sourceTree = BUILT_PRODUCTS_DIR; };
		922B5EEB19FF9FAF00508906 /* Info.plist */ = {isa = PBXFileReference; lastKnownFileType = text.plist.xml; path = Info.plist; sourceTree = "<group>"; };
		922B5EEC19FF9FAF00508906 /* PongTests.swift */ = {isa = PBXFileReference; lastKnownFileType = sourcecode.swift; path = PongTests.swift; sourceTree = "<group>"; };
/* End PBXFileReference section */

/* Begin PBXFrameworksBuildPhase section */
		922B5ECA19FF9FAF00508906 /* Frameworks */ = {
			isa = PBXFrameworksBuildPhase;
			buildActionMask = 2147483647;
			files = (
			);
			runOnlyForDeploymentPostprocessing = 0;
		};
		922B5EE319FF9FAF00508906 /* Frameworks */ = {
			isa = PBXFrameworksBuildPhase;
			buildActionMask = 2147483647;
			files = (
			);
			runOnlyForDeploymentPostprocessing = 0;
		};
/* End PBXFrameworksBuildPhase section */

/* Begin PBXGroup section */
		922B5EC419FF9FAF00508906 = {
			isa = PBXGroup;
			children = (
				922B5ECF19FF9FAF00508906 /* Pong */,
				922B5EE919FF9FAF00508906 /* PongTests */,
				922B5ECE19FF9FAF00508906 /* Products */,
			);
			sourceTree = "<group>";
		};
		922B5ECE19FF9FAF00508906 /* Products */ = {
			isa = PBXGroup;
			children = (
				922B5ECD19FF9FAF00508906 /* Pong.app */,
				922B5EE619FF9FAF00508906 /* PongTests.xctest */,
			);
			name = Products;
			sourceTree = "<group>";
		};
		922B5ECF19FF9FAF00508906 /* Pong */ = {
			isa = PBXGroup;
			children = (
				922B5ED219FF9FAF00508906 /* AppDelegate.swift */,
				922B5ED419FF9FAF00508906 /* GameScene.sks */,
				922B5ED619FF9FAF00508906 /* GameScene.swift */,
				922B5ED819FF9FAF00508906 /* GameViewController.swift */,
				922B5EDA19FF9FAF00508906 /* Main.storyboard */,
				1614630D1A29CC24006689FE /* ChooseRolViewController.swift */,
				922B5EDD19FF9FAF00508906 /* Images.xcassets */,
				922B5EDF19FF9FAF00508906 /* LaunchScreen.xib */,
				922B5ED019FF9FAF00508906 /* Supporting Files */,
			);
			path = Pong;
			sourceTree = "<group>";
		};
		922B5ED019FF9FAF00508906 /* Supporting Files */ = {
			isa = PBXGroup;
			children = (
				922B5ED119FF9FAF00508906 /* Info.plist */,
			);
			name = "Supporting Files";
			sourceTree = "<group>";
		};
		922B5EE919FF9FAF00508906 /* PongTests */ = {
			isa = PBXGroup;
			children = (
				922B5EEC19FF9FAF00508906 /* PongTests.swift */,
				922B5EEA19FF9FAF00508906 /* Supporting Files */,
			);
			path = PongTests;
			sourceTree = "<group>";
		};
		922B5EEA19FF9FAF00508906 /* Supporting Files */ = {
			isa = PBXGroup;
			children = (
				922B5EEB19FF9FAF00508906 /* Info.plist */,
			);
			name = "Supporting Files";
			sourceTree = "<group>";
		};
/* End PBXGroup section */

/* Begin PBXNativeTarget section */
		922B5ECC19FF9FAF00508906 /* Pong */ = {
			isa = PBXNativeTarget;
			buildConfigurationList = 922B5EF019FF9FAF00508906 /* Build configuration list for PBXNativeTarget "Pong" */;
			buildPhases = (
				922B5EC919FF9FAF00508906 /* Sources */,
				922B5ECA19FF9FAF00508906 /* Frameworks */,
				922B5ECB19FF9FAF00508906 /* Resources */,
			);
			buildRules = (
			);
			dependencies = (
			);
			name = Pong;
			productName = Pong;
			productReference = 922B5ECD19FF9FAF00508906 /* Pong.app */;
			productType = "com.apple.product-type.application";
		};
		922B5EE519FF9FAF00508906 /* PongTests */ = {
			isa = PBXNativeTarget;
			buildConfigurationList = 922B5EF319FF9FAF00508906 /* Build configuration list for PBXNativeTarget "PongTests" */;
			buildPhases = (
				922B5EE219FF9FAF00508906 /* Sources */,
				922B5EE319FF9FAF00508906 /* Frameworks */,
				922B5EE419FF9FAF00508906 /* Resources */,
			);
			buildRules = (
			);
			dependencies = (
				922B5EE819FF9FAF00508906 /* PBXTargetDependency */,
			);
			name = PongTests;
			productName = PongTests;
			productReference = 922B5EE619FF9FAF00508906 /* PongTests.xctest */;
			productType = "com.apple.product-type.bundle.unit-test";
		};
/* End PBXNativeTarget section */

/* Begin PBXProject section */
		922B5EC519FF9FAF00508906 /* Project object */ = {
			isa = PBXProject;
			attributes = {
				LastUpgradeCheck = 0610;
				ORGANIZATIONNAME = "Our company";
				TargetAttributes = {
					922B5ECC19FF9FAF00508906 = {
						CreatedOnToolsVersion = 6.1;
					};
					922B5EE519FF9FAF00508906 = {
						CreatedOnToolsVersion = 6.1;
						TestTargetID = 922B5ECC19FF9FAF00508906;
					};
				};
			};
			buildConfigurationList = 922B5EC819FF9FAF00508906 /* Build configuration list for PBXProject "Pong" */;
			compatibilityVersion = "Xcode 3.2";
			developmentRegion = English;
			hasScannedForEncodings = 0;
			knownRegions = (
				en,
				Base,
			);
			mainGroup = 922B5EC419FF9FAF00508906;
			productRefGroup = 922B5ECE19FF9FAF00508906 /* Products */;
			projectDirPath = "";
			projectRoot = "";
			targets = (
				922B5ECC19FF9FAF00508906 /* Pong */,
				922B5EE519FF9FAF00508906 /* PongTests */,
			);
		};
/* End PBXProject section */

/* Begin PBXResourcesBuildPhase section */
		922B5ECB19FF9FAF00508906 /* Resources */ = {
			isa = PBXResourcesBuildPhase;
			buildActionMask = 2147483647;
			files = (
				922B5EE119FF9FAF00508906 /* LaunchScreen.xib in Resources */,
				922B5EDE19FF9FAF00508906 /* Images.xcassets in Resources */,
				922B5ED519FF9FAF00508906 /* GameScene.sks in Resources */,
				1614630F1A29CC70006689FE /* Main.storyboard in Resources */,
			);
			runOnlyForDeploymentPostprocessing = 0;
		};
		922B5EE419FF9FAF00508906 /* Resources */ = {
			isa = PBXResourcesBuildPhase;
			buildActionMask = 2147483647;
			files = (
			);
			runOnlyForDeploymentPostprocessing = 0;
		};
/* End PBXResourcesBuildPhase section */

/* Begin PBXSourcesBuildPhase section */
		922B5EC919FF9FAF00508906 /* Sources */ = {
			isa = PBXSourcesBuildPhase;
			buildActionMask = 2147483647;
			files = (
				16F9B5491A27E4A2003C99F8 /* GameViewController.swift in Sources */,
				161463121A29CC7C006689FE /* ChooseRolViewController.swift in Sources */,
				922B5ED719FF9FAF00508906 /* GameScene.swift in Sources */,
				922B5ED319FF9FAF00508906 /* AppDelegate.swift in Sources */,
			);
			runOnlyForDeploymentPostprocessing = 0;
		};
		922B5EE219FF9FAF00508906 /* Sources */ = {
			isa = PBXSourcesBuildPhase;
			buildActionMask = 2147483647;
			files = (
				922B5EED19FF9FAF00508906 /* PongTests.swift in Sources */,
			);
			runOnlyForDeploymentPostprocessing = 0;
		};
/* End PBXSourcesBuildPhase section */

/* Begin PBXTargetDependency section */
		922B5EE819FF9FAF00508906 /* PBXTargetDependency */ = {
			isa = PBXTargetDependency;
			target = 922B5ECC19FF9FAF00508906 /* Pong */;
			targetProxy = 922B5EE719FF9FAF00508906 /* PBXContainerItemProxy */;
		};
/* End PBXTargetDependency section */

/* Begin PBXVariantGroup section */
		922B5EDA19FF9FAF00508906 /* Main.storyboard */ = {
			isa = PBXVariantGroup;
			children = (
				922B5EDB19FF9FAF00508906 /* Base */,
			);
			name = Main.storyboard;
			sourceTree = "<group>";
		};
		922B5EDF19FF9FAF00508906 /* LaunchScreen.xib */ = {
			isa = PBXVariantGroup;
			children = (
				922B5EE019FF9FAF00508906 /* Base */,
			);
			name = LaunchScreen.xib;
			sourceTree = "<group>";
		};
/* End PBXVariantGroup section */

/* Begin XCBuildConfiguration section */
		922B5EEE19FF9FAF00508906 /* Debug */ = {
			isa = XCBuildConfiguration;
			buildSettings = {
				ALWAYS_SEARCH_USER_PATHS = NO;
				CLANG_CXX_LANGUAGE_STANDARD = "gnu++0x";
				CLANG_CXX_LIBRARY = "libc++";
				CLANG_ENABLE_MODULES = YES;
				CLANG_ENABLE_OBJC_ARC = YES;
				CLANG_WARN_BOOL_CONVERSION = YES;
				CLANG_WARN_CONSTANT_CONVERSION = YES;
				CLANG_WARN_DIRECT_OBJC_ISA_USAGE = YES_ERROR;
				CLANG_WARN_EMPTY_BODY = YES;
				CLANG_WARN_ENUM_CONVERSION = YES;
				CLANG_WARN_INT_CONVERSION = YES;
				CLANG_WARN_OBJC_ROOT_CLASS = YES_ERROR;
				CLANG_WARN_UNREACHABLE_CODE = YES;
				CLANG_WARN__DUPLICATE_METHOD_MATCH = YES;
				"CODE_SIGN_IDENTITY[sdk=iphoneos*]" = "iPhone Developer";
				COPY_PHASE_STRIP = NO;
				ENABLE_STRICT_OBJC_MSGSEND = YES;
				GCC_C_LANGUAGE_STANDARD = gnu99;
				GCC_DYNAMIC_NO_PIC = NO;
				GCC_OPTIMIZATION_LEVEL = 0;
				GCC_PREPROCESSOR_DEFINITIONS = (
					"DEBUG=1",
					"$(inherited)",
				);
				GCC_SYMBOLS_PRIVATE_EXTERN = NO;
				GCC_WARN_64_TO_32_BIT_CONVERSION = YES;
				GCC_WARN_ABOUT_RETURN_TYPE = YES_ERROR;
				GCC_WARN_UNDECLARED_SELECTOR = YES;
				GCC_WARN_UNINITIALIZED_AUTOS = YES_AGGRESSIVE;
				GCC_WARN_UNUSED_FUNCTION = YES;
				GCC_WARN_UNUSED_VARIABLE = YES;
				IPHONEOS_DEPLOYMENT_TARGET = 8.1;
				MTL_ENABLE_DEBUG_INFO = YES;
				ONLY_ACTIVE_ARCH = YES;
				SDKROOT = iphoneos;
				SWIFT_OPTIMIZATION_LEVEL = "-Onone";
				TARGETED_DEVICE_FAMILY = "1,2";
			};
			name = Debug;
		};
		922B5EEF19FF9FAF00508906 /* Release */ = {
			isa = XCBuildConfiguration;
			buildSettings = {
				ALWAYS_SEARCH_USER_PATHS = NO;
				CLANG_CXX_LANGUAGE_STANDARD = "gnu++0x";
				CLANG_CXX_LIBRARY = "libc++";
				CLANG_ENABLE_MODULES = YES;
				CLANG_ENABLE_OBJC_ARC = YES;
				CLANG_WARN_BOOL_CONVERSION = YES;
				CLANG_WARN_CONSTANT_CONVERSION = YES;
				CLANG_WARN_DIRECT_OBJC_ISA_USAGE = YES_ERROR;
				CLANG_WARN_EMPTY_BODY = YES;
				CLANG_WARN_ENUM_CONVERSION = YES;
				CLANG_WARN_INT_CONVERSION = YES;
				CLANG_WARN_OBJC_ROOT_CLASS = YES_ERROR;
				CLANG_WARN_UNREACHABLE_CODE = YES;
				CLANG_WARN__DUPLICATE_METHOD_MATCH = YES;
				"CODE_SIGN_IDENTITY[sdk=iphoneos*]" = "iPhone Developer";
				COPY_PHASE_STRIP = YES;
				ENABLE_NS_ASSERTIONS = NO;
				ENABLE_STRICT_OBJC_MSGSEND = YES;
				GCC_C_LANGUAGE_STANDARD = gnu99;
				GCC_WARN_64_TO_32_BIT_CONVERSION = YES;
				GCC_WARN_ABOUT_RETURN_TYPE = YES_ERROR;
				GCC_WARN_UNDECLARED_SELECTOR = YES;
				GCC_WARN_UNINITIALIZED_AUTOS = YES_AGGRESSIVE;
				GCC_WARN_UNUSED_FUNCTION = YES;
				GCC_WARN_UNUSED_VARIABLE = YES;
				IPHONEOS_DEPLOYMENT_TARGET = 8.1;
				MTL_ENABLE_DEBUG_INFO = NO;
				SDKROOT = iphoneos;
				TARGETED_DEVICE_FAMILY = "1,2";
				VALIDATE_PRODUCT = YES;
			};
			name = Release;
		};
		922B5EF119FF9FAF00508906 /* Debug */ = {
			isa = XCBuildConfiguration;
			buildSettings = {
				ASSETCATALOG_COMPILER_APPICON_NAME = AppIcon;
				INFOPLIST_FILE = Pong/Info.plist;
				LD_RUNPATH_SEARCH_PATHS = "$(inherited) @executable_path/Frameworks";
				PRODUCT_NAME = "$(TARGET_NAME)";
			};
			name = Debug;
		};
		922B5EF219FF9FAF00508906 /* Release */ = {
			isa = XCBuildConfiguration;
			buildSettings = {
				ASSETCATALOG_COMPILER_APPICON_NAME = AppIcon;
				INFOPLIST_FILE = Pong/Info.plist;
				LD_RUNPATH_SEARCH_PATHS = "$(inherited) @executable_path/Frameworks";
				PRODUCT_NAME = "$(TARGET_NAME)";
			};
			name = Release;
		};
		922B5EF419FF9FAF00508906 /* Debug */ = {
			isa = XCBuildConfiguration;
			buildSettings = {
				BUNDLE_LOADER = "$(TEST_HOST)";
				FRAMEWORK_SEARCH_PATHS = (
					"$(SDKROOT)/Developer/Library/Frameworks",
					"$(inherited)",
				);
				GCC_PREPROCESSOR_DEFINITIONS = (
					"DEBUG=1",
					"$(inherited)",
				);
				INFOPLIST_FILE = PongTests/Info.plist;
				LD_RUNPATH_SEARCH_PATHS = "$(inherited) @executable_path/Frameworks @loader_path/Frameworks";
				PRODUCT_NAME = "$(TARGET_NAME)";
				TEST_HOST = "$(BUILT_PRODUCTS_DIR)/Pong.app/Pong";
			};
			name = Debug;
		};
		922B5EF519FF9FAF00508906 /* Release */ = {
			isa = XCBuildConfiguration;
			buildSettings = {
				BUNDLE_LOADER = "$(TEST_HOST)";
				FRAMEWORK_SEARCH_PATHS = (
					"$(SDKROOT)/Developer/Library/Frameworks",
					"$(inherited)",
				);
				INFOPLIST_FILE = PongTests/Info.plist;
				LD_RUNPATH_SEARCH_PATHS = "$(inherited) @executable_path/Frameworks @loader_path/Frameworks";
				PRODUCT_NAME = "$(TARGET_NAME)";
				TEST_HOST = "$(BUILT_PRODUCTS_DIR)/Pong.app/Pong";
			};
			name = Release;
		};
/* End XCBuildConfiguration section */

/* Begin XCConfigurationList section */
		922B5EC819FF9FAF00508906 /* Build configuration list for PBXProject "Pong" */ = {
			isa = XCConfigurationList;
			buildConfigurations = (
				922B5EEE19FF9FAF00508906 /* Debug */,
				922B5EEF19FF9FAF00508906 /* Release */,
			);
			defaultConfigurationIsVisible = 0;
			defaultConfigurationName = Release;
		};
		922B5EF019FF9FAF00508906 /* Build configuration list for PBXNativeTarget "Pong" */ = {
			isa = XCConfigurationList;
			buildConfigurations = (
				922B5EF119FF9FAF00508906 /* Debug */,
				922B5EF219FF9FAF00508906 /* Release */,
			);
			defaultConfigurationIsVisible = 0;
			defaultConfigurationName = Release;
		};
		922B5EF319FF9FAF00508906 /* Build configuration list for PBXNativeTarget "PongTests" */ = {
			isa = XCConfigurationList;
			buildConfigurations = (
				922B5EF419FF9FAF00508906 /* Debug */,
				922B5EF519FF9FAF00508906 /* Release */,
			);
			defaultConfigurationIsVisible = 0;
			defaultConfigurationName = Release;
		};
/* End XCConfigurationList section */
	};
	rootObject = 922B5EC519FF9FAF00508906 /* Project object */;
}
